
Microsoft Visual Studio Solution File, Format Version 12.00
# Visual Studio Version 16
VisualStudioVersion = 16.0.28803.352
MinimumVisualStudioVersion = 10.0.40219.1
Project("{9A19103F-16F7-4668-BE54-9A1E7A4F7556}") = "Contracts", "Contracts\Contracts.csproj", "{13FC89EA-E3FE-449B-8A54-98F59E680569}"
EndProject
Project("{9A19103F-16F7-4668-BE54-9A1E7A4F7556}") = "LoggerService", "LoggerService\LoggerService.csproj", "{C544F462-ED7E-4342-83CA-6C9D6A0D581C}"
EndProject
Project("{9A19103F-16F7-4668-BE54-9A1E7A4F7556}") = "Entities", "Entities\Entities.csproj", "{8D1B43E1-417B-4A43-8731-C3C2C2130E80}"
EndProject
Project("{9A19103F-16F7-4668-BE54-9A1E7A4F7556}") = "Repository", "Repository\Repository.csproj", "{44B7EFF2-086C-4349-9038-770BC6358DBA}"
EndProject
Project("{9A19103F-16F7-4668-BE54-9A1E7A4F7556}") = "Mobile_Backend", "MobileBackend\Mobile_Backend.csproj", "{7687027D-962F-4FAB-8DB7-79C875021F43}"
EndProject
Global
	GlobalSection(SolutionConfigurationPlatforms) = preSolution
		Debug|Any CPU = Debug|Any CPU
		Release|Any CPU = Release|Any CPU
	EndGlobalSection
	GlobalSection(ProjectConfigurationPlatforms) = postSolution
		{13FC89EA-E3FE-449B-8A54-98F59E680569}.Debug|Any CPU.ActiveCfg = Debug|Any CPU
		{13FC89EA-E3FE-449B-8A54-98F59E680569}.Debug|Any CPU.Build.0 = Debug|Any CPU
		{13FC89EA-E3FE-449B-8A54-98F59E680569}.Release|Any CPU.ActiveCfg = Release|Any CPU
		{13FC89EA-E3FE-449B-8A54-98F59E680569}.Release|Any CPU.Build.0 = Release|Any CPU
		{C544F462-ED7E-4342-83CA-6C9D6A0D581C}.Debug|Any CPU.ActiveCfg = Debug|Any CPU
		{C544F462-ED7E-4342-83CA-6C9D6A0D581C}.Debug|Any CPU.Build.0 = Debug|Any CPU
		{C544F462-ED7E-4342-83CA-6C9D6A0D581C}.Release|Any CPU.ActiveCfg = Release|Any CPU
		{C544F462-ED7E-4342-83CA-6C9D6A0D581C}.Release|Any CPU.Build.0 = Release|Any CPU
		{8D1B43E1-417B-4A43-8731-C3C2C2130E80}.Debug|Any CPU.ActiveCfg = Debug|Any CPU
		{8D1B43E1-417B-4A43-8731-C3C2C2130E80}.Debug|Any CPU.Build.0 = Debug|Any CPU
		{8D1B43E1-417B-4A43-8731-C3C2C2130E80}.Release|Any CPU.ActiveCfg = Release|Any CPU
		{8D1B43E1-417B-4A43-8731-C3C2C2130E80}.Release|Any CPU.Build.0 = Release|Any CPU
		{44B7EFF2-086C-4349-9038-770BC6358DBA}.Debug|Any CPU.ActiveCfg = Debug|Any CPU
		{44B7EFF2-086C-4349-9038-770BC6358DBA}.Debug|Any CPU.Build.0 = Debug|Any CPU
		{44B7EFF2-086C-4349-9038-770BC6358DBA}.Release|Any CPU.ActiveCfg = Release|Any CPU
		{44B7EFF2-086C-4349-9038-770BC6358DBA}.Release|Any CPU.Build.0 = Release|Any CPU
		{7687027D-962F-4FAB-8DB7-79C875021F43}.Debug|Any CPU.ActiveCfg = Debug|Any CPU
		{7687027D-962F-4FAB-8DB7-79C875021F43}.Debug|Any CPU.Build.0 = Debug|Any CPU
		{7687027D-962F-4FAB-8DB7-79C875021F43}.Release|Any CPU.ActiveCfg = Release|Any CPU
		{7687027D-962F-4FAB-8DB7-79C875021F43}.Release|Any CPU.Build.0 = Release|Any CPU
	EndGlobalSection
	GlobalSection(SolutionProperties) = preSolution
		HideSolutionNode = FALSE
	EndGlobalSection
	GlobalSection(ExtensibilityGlobals) = postSolution
		SolutionGuid = {3658CC33-F85B-451E-9C36-F1EBEAD2FFF1}
	EndGlobalSection
EndGlobal
